// !$*UTF8*$!
{
	archiveVersion = 1;
	classes = {
	};
	objectVersion = 46;
	objects = {

/* Begin PBXBuildFile section */
		C44CF99E1C4CCEAC00413EF1 /* AppDelegate.swift in Sources */ = {isa = PBXBuildFile; fileRef = C44CF99D1C4CCEAC00413EF1 /* AppDelegate.swift */; };
		C44CF9A01C4CCEAC00413EF1 /* HomeViewController.swift in Sources */ = {isa = PBXBuildFile; fileRef = C44CF99F1C4CCEAC00413EF1 /* HomeViewController.swift */; };
		C44CF9A31C4CCEAC00413EF1 /* Main.storyboard in Resources */ = {isa = PBXBuildFile; fileRef = C44CF9A11C4CCEAC00413EF1 /* Main.storyboard */; };
		C44CF9A51C4CCEAC00413EF1 /* Assets.xcassets in Resources */ = {isa = PBXBuildFile; fileRef = C44CF9A41C4CCEAC00413EF1 /* Assets.xcassets */; };
		C44CF9A81C4CCEAC00413EF1 /* LaunchScreen.storyboard in Resources */ = {isa = PBXBuildFile; fileRef = C44CF9A61C4CCEAC00413EF1 /* LaunchScreen.storyboard */; };
		C44CFA061C4CD16800413EF1 /* img_home_1.jpg in Resources */ = {isa = PBXBuildFile; fileRef = C44CF9B31C4CD16800413EF1 /* img_home_1.jpg */; };
		C44CFA071C4CD16800413EF1 /* img_home_2.jpg in Resources */ = {isa = PBXBuildFile; fileRef = C44CF9B41C4CD16800413EF1 /* img_home_2.jpg */; };
		C44CFA081C4CD16800413EF1 /* back_icon.png in Resources */ = {isa = PBXBuildFile; fileRef = C44CF9B51C4CD16800413EF1 /* back_icon.png */; };
		C44CFA091C4CD16800413EF1 /* ic_social_fb.png in Resources */ = {isa = PBXBuildFile; fileRef = C44CF9B61C4CD16800413EF1 /* ic_social_fb.png */; };
		C44CFA0A1C4CD16800413EF1 /* ic_overview_infrastructure.png in Resources */ = {isa = PBXBuildFile; fileRef = C44CF9B71C4CD16800413EF1 /* ic_overview_infrastructure.png */; };
		C44CFA0B1C4CD16800413EF1 /* ic_overview_location.png in Resources */ = {isa = PBXBuildFile; fileRef = C44CF9B81C4CD16800413EF1 /* ic_overview_location.png */; };
		C44CFA0C1C4CD16800413EF1 /* ic_social_chat.png in Resources */ = {isa = PBXBuildFile; fileRef = C44CF9B91C4CD16800413EF1 /* ic_social_chat.png */; };
		C44CFA0D1C4CD16800413EF1 /* ic_client_extend_arrow.png in Resources */ = {isa = PBXBuildFile; fileRef = C44CF9BA1C4CD16800413EF1 /* ic_client_extend_arrow.png */; };
		C44CFA0E1C4CD16800413EF1 /* ic_methodology_1.png in Resources */ = {isa = PBXBuildFile; fileRef = C44CF9BB1C4CD16800413EF1 /* ic_methodology_1.png */; };
		C44CFA0F1C4CD16800413EF1 /* img_client_1.jpg in Resources */ = {isa = PBXBuildFile; fileRef = C44CF9BC1C4CD16800413EF1 /* img_client_1.jpg */; };
		C44CFA101C4CD16800413EF1 /* ic_fab_all.png in Resources */ = {isa = PBXBuildFile; fileRef = C44CF9BD1C4CD16800413EF1 /* ic_fab_all.png */; };
		C44CFA111C4CD16800413EF1 /* ic_fab_android.png in Resources */ = {isa = PBXBuildFile; fileRef = C44CF9BE1C4CD16800413EF1 /* ic_fab_android.png */; };
		C44CFA121C4CD16800413EF1 /* ic_fab_filter.png in Resources */ = {isa = PBXBuildFile; fileRef = C44CF9BF1C4CD16800413EF1 /* ic_fab_filter.png */; };
		C44CFA131C4CD16800413EF1 /* ic_fab_ios.png in Resources */ = {isa = PBXBuildFile; fileRef = C44CF9C01C4CD16800413EF1 /* ic_fab_ios.png */; };
		C44CFA141C4CD16800413EF1 /* ic_nav_home.png in Resources */ = {isa = PBXBuildFile; fileRef = C44CF9C11C4CD16800413EF1 /* ic_nav_home.png */; };
		C44CFA151C4CD16800413EF1 /* ic_fab_product.png in Resources */ = {isa = PBXBuildFile; fileRef = C44CF9C21C4CD16800413EF1 /* ic_fab_product.png */; };
		C44CFA161C4CD16800413EF1 /* ic_fab_star.png in Resources */ = {isa = PBXBuildFile; fileRef = C44CF9C31C4CD16800413EF1 /* ic_fab_star.png */; };
		C44CFA171C4CD16800413EF1 /* ic_fab_ui_ux.png in Resources */ = {isa = PBXBuildFile; fileRef = C44CF9C41C4CD16800413EF1 /* ic_fab_ui_ux.png */; };
		C44CFA181C4CD16800413EF1 /* ic_fab_wearable.png in Resources */ = {isa = PBXBuildFile; fileRef = C44CF9C51C4CD16800413EF1 /* ic_fab_wearable.png */; };
		C44CFA191C4CD16800413EF1 /* ic_fab_web.png in Resources */ = {isa = PBXBuildFile; fileRef = C44CF9C61C4CD16800413EF1 /* ic_fab_web.png */; };
		C44CFA1A1C4CD16800413EF1 /* img_client_2.jpg in Resources */ = {isa = PBXBuildFile; fileRef = C44CF9C71C4CD16800413EF1 /* img_client_2.jpg */; };
		C44CFA1B1C4CD16800413EF1 /* img_client_3.jpg in Resources */ = {isa = PBXBuildFile; fileRef = C44CF9C81C4CD16800413EF1 /* img_client_3.jpg */; };
		C44CFA1C1C4CD16800413EF1 /* img_client_4.jpg in Resources */ = {isa = PBXBuildFile; fileRef = C44CF9C91C4CD16800413EF1 /* img_client_4.jpg */; };
		C44CFA1D1C4CD16800413EF1 /* img_client_5.jpg in Resources */ = {isa = PBXBuildFile; fileRef = C44CF9CA1C4CD16800413EF1 /* img_client_5.jpg */; };
		C44CFA1E1C4CD16800413EF1 /* img_client_6.jpg in Resources */ = {isa = PBXBuildFile; fileRef = C44CF9CB1C4CD16800413EF1 /* img_client_6.jpg */; };
		C44CFA1F1C4CD16800413EF1 /* img_client_7.png in Resources */ = {isa = PBXBuildFile; fileRef = C44CF9CC1C4CD16800413EF1 /* img_client_7.png */; };
		C44CFA201C4CD16800413EF1 /* img_portfolio_1.jpg in Resources */ = {isa = PBXBuildFile; fileRef = C44CF9CD1C4CD16800413EF1 /* img_portfolio_1.jpg */; };
		C44CFA211C4CD16800413EF1 /* img_portfolio_2.jpg in Resources */ = {isa = PBXBuildFile; fileRef = C44CF9CE1C4CD16800413EF1 /* img_portfolio_2.jpg */; };
		C44CFA221C4CD16800413EF1 /* ic_heart_outline_grey.png in Resources */ = {isa = PBXBuildFile; fileRef = C44CF9CF1C4CD16800413EF1 /* ic_heart_outline_grey.png */; };
		C44CFA231C4CD16800413EF1 /* ic_heart_outline_white.png in Resources */ = {isa = PBXBuildFile; fileRef = C44CF9D01C4CD16800413EF1 /* ic_heart_outline_white.png */; };
		C44CFA241C4CD16800413EF1 /* ic_heart_red.png in Resources */ = {isa = PBXBuildFile; fileRef = C44CF9D11C4CD16800413EF1 /* ic_heart_red.png */; };
		C44CFA251C4CD16800413EF1 /* ic_heart_small_blue.png in Resources */ = {isa = PBXBuildFile; fileRef = C44CF9D21C4CD16800413EF1 /* ic_heart_small_blue.png */; };
		C44CFA261C4CD16800413EF1 /* img_portfolio_3.jpg in Resources */ = {isa = PBXBuildFile; fileRef = C44CF9D31C4CD16800413EF1 /* img_portfolio_3.jpg */; };
		C44CFA271C4CD16800413EF1 /* img_portfolio_4.jpg in Resources */ = {isa = PBXBuildFile; fileRef = C44CF9D41C4CD16800413EF1 /* img_portfolio_4.jpg */; };
		C44CFA281C4CD16800413EF1 /* img_portfolio_5.jpg in Resources */ = {isa = PBXBuildFile; fileRef = C44CF9D51C4CD16800413EF1 /* img_portfolio_5.jpg */; };
		C44CFA291C4CD16800413EF1 /* img_portfolio_6.jpg in Resources */ = {isa = PBXBuildFile; fileRef = C44CF9D61C4CD16800413EF1 /* img_portfolio_6.jpg */; };
		C44CFA2A1C4CD16800413EF1 /* img_portfolio_7.jpg in Resources */ = {isa = PBXBuildFile; fileRef = C44CF9D71C4CD16800413EF1 /* img_portfolio_7.jpg */; };
		C44CFA2B1C4CD16800413EF1 /* img_portfolio_8.jpg in Resources */ = {isa = PBXBuildFile; fileRef = C44CF9D81C4CD16800413EF1 /* img_portfolio_8.jpg */; };
		C44CFA2C1C4CD16800413EF1 /* img_portfolio_9.jpg in Resources */ = {isa = PBXBuildFile; fileRef = C44CF9D91C4CD16800413EF1 /* img_portfolio_9.jpg */; };
		C44CFA2D1C4CD16800413EF1 /* ic_testimonial_web.png in Resources */ = {isa = PBXBuildFile; fileRef = C44CF9DA1C4CD16800413EF1 /* ic_testimonial_web.png */; };
		C44CFA2E1C4CD16800413EF1 /* ic_methodology_2.png in Resources */ = {isa = PBXBuildFile; fileRef = C44CF9DB1C4CD16800413EF1 /* ic_methodology_2.png */; };
		C44CFA2F1C4CD16800413EF1 /* ic_testimonial_quote_end.png in Resources */ = {isa = PBXBuildFile; fileRef = C44CF9DC1C4CD16800413EF1 /* ic_testimonial_quote_end.png */; };
		C44CFA301C4CD16800413EF1 /* ic_testimonial_quote_start.png in Resources */ = {isa = PBXBuildFile; fileRef = C44CF9DD1C4CD16800413EF1 /* ic_testimonial_quote_start.png */; };
		C44CFA311C4CD16800413EF1 /* ic_methodology_3.png in Resources */ = {isa = PBXBuildFile; fileRef = C44CF9DE1C4CD16800413EF1 /* ic_methodology_3.png */; };
		C44CFA321C4CD16800413EF1 /* ic_methodology_4.png in Resources */ = {isa = PBXBuildFile; fileRef = C44CF9DF1C4CD16800413EF1 /* ic_methodology_4.png */; };
		C44CFA331C4CD16800413EF1 /* ic_methodology_5.png in Resources */ = {isa = PBXBuildFile; fileRef = C44CF9E01C4CD16800413EF1 /* ic_methodology_5.png */; };
		C44CFA341C4CD16800413EF1 /* ic_methodology_6.png in Resources */ = {isa = PBXBuildFile; fileRef = C44CF9E11C4CD16800413EF1 /* ic_methodology_6.png */; };
		C44CFA351C4CD16800413EF1 /* ic_member_faisal.png in Resources */ = {isa = PBXBuildFile; fileRef = C44CF9E21C4CD16800413EF1 /* ic_member_faisal.png */; };
		C44CFA361C4CD16800413EF1 /* ic_member_mamun.png in Resources */ = {isa = PBXBuildFile; fileRef = C44CF9E31C4CD16800413EF1 /* ic_member_mamun.png */; };
		C44CFA371C4CD16800413EF1 /* ic_member_rifat.png in Resources */ = {isa = PBXBuildFile; fileRef = C44CF9E41C4CD16800413EF1 /* ic_member_rifat.png */; };
		C44CFA381C4CD16800413EF1 /* ic_member_saurav.png in Resources */ = {isa = PBXBuildFile; fileRef = C44CF9E51C4CD16800413EF1 /* ic_member_saurav.png */; };
		C44CFA391C4CD16800413EF1 /* ic_member_shaun.png in Resources */ = {isa = PBXBuildFile; fileRef = C44CF9E61C4CD16800413EF1 /* ic_member_shaun.png */; };
		C44CFA3A1C4CD16800413EF1 /* ic_member_siddiq.png in Resources */ = {isa = PBXBuildFile; fileRef = C44CF9E71C4CD16800413EF1 /* ic_member_siddiq.png */; };
		C44CFA3B1C4CD16800413EF1 /* ic_member_sumon.png in Resources */ = {isa = PBXBuildFile; fileRef = C44CF9E81C4CD16800413EF1 /* ic_member_sumon.png */; };
		C44CFA3C1C4CD16800413EF1 /* ic_member_suraiya.png in Resources */ = {isa = PBXBuildFile; fileRef = C44CF9E91C4CD16800413EF1 /* ic_member_suraiya.png */; };
		C44CFA3D1C4CD16800413EF1 /* ic_member_tinu.png in Resources */ = {isa = PBXBuildFile; fileRef = C44CF9EA1C4CD16800413EF1 /* ic_member_tinu.png */; };
		C44CFA3E1C4CD16800413EF1 /* ic_member_tuhin.png in Resources */ = {isa = PBXBuildFile; fileRef = C44CF9EB1C4CD16800413EF1 /* ic_member_tuhin.png */; };
		C44CFA3F1C4CD16800413EF1 /* ic_member_tushar.png in Resources */ = {isa = PBXBuildFile; fileRef = C44CF9EC1C4CD16800413EF1 /* ic_member_tushar.png */; };
		C44CFA401C4CD16800413EF1 /* ic_overview_skill.png in Resources */ = {isa = PBXBuildFile; fileRef = C44CF9ED1C4CD16800413EF1 /* ic_overview_skill.png */; };
		C44CFA411C4CD16800413EF1 /* ic_social_linked_in.png in Resources */ = {isa = PBXBuildFile; fileRef = C44CF9EE1C4CD16800413EF1 /* ic_social_linked_in.png */; };
		C44CFA421C4CD16800413EF1 /* fab_map.png in Resources */ = {isa = PBXBuildFile; fileRef = C44CF9EF1C4CD16800413EF1 /* fab_map.png */; };
		C44CFA431C4CD16800413EF1 /* img_overview_parallax.jpg in Resources */ = {isa = PBXBuildFile; fileRef = C44CF9F01C4CD16800413EF1 /* img_overview_parallax.jpg */; };
		C44CFA441C4CD16800413EF1 /* ic_social_twitter.png in Resources */ = {isa = PBXBuildFile; fileRef = C44CF9F11C4CD16800413EF1 /* ic_social_twitter.png */; };
		C44CFA451C4CD16800413EF1 /* ic_overview_company.png in Resources */ = {isa = PBXBuildFile; fileRef = C44CF9F21C4CD16800413EF1 /* ic_overview_company.png */; };
		C44CFA461C4CD16800413EF1 /* ic_social_youtube.png in Resources */ = {isa = PBXBuildFile; fileRef = C44CF9F31C4CD16800413EF1 /* ic_social_youtube.png */; };
		C44CFA471C4CD16800413EF1 /* ic_overview_basic.png in Resources */ = {isa = PBXBuildFile; fileRef = C44CF9F41C4CD16800413EF1 /* ic_overview_basic.png */; };
		C44CFA481C4CD16800413EF1 /* img_home_3.jpg in Resources */ = {isa = PBXBuildFile; fileRef = C44CF9F51C4CD16800413EF1 /* img_home_3.jpg */; };
		C44CFA491C4CD16800413EF1 /* img_home_4.jpg in Resources */ = {isa = PBXBuildFile; fileRef = C44CF9F61C4CD16800413EF1 /* img_home_4.jpg */; };
		C44CFA4A1C4CD16800413EF1 /* ic_navigation.png in Resources */ = {isa = PBXBuildFile; fileRef = C44CF9F71C4CD16800413EF1 /* ic_navigation.png */; };
		C44CFA4B1C4CD16800413EF1 /* img_home_5.jpg in Resources */ = {isa = PBXBuildFile; fileRef = C44CF9F81C4CD16800413EF1 /* img_home_5.jpg */; };
		C44CFA4C1C4CD16800413EF1 /* ic_nav_call.png in Resources */ = {isa = PBXBuildFile; fileRef = C44CF9F91C4CD16800413EF1 /* ic_nav_call.png */; };
		C44CFA4D1C4CD16800413EF1 /* ic_nav_client.png in Resources */ = {isa = PBXBuildFile; fileRef = C44CF9FA1C4CD16800413EF1 /* ic_nav_client.png */; };
		C44CFA4E1C4CD16800413EF1 /* ic_nav_faq.png in Resources */ = {isa = PBXBuildFile; fileRef = C44CF9FB1C4CD16800413EF1 /* ic_nav_faq.png */; };
		C44CFA4F1C4CD16800413EF1 /* ic_nav_mail.png in Resources */ = {isa = PBXBuildFile; fileRef = C44CF9FC1C4CD16800413EF1 /* ic_nav_mail.png */; };
		C44CFA501C4CD16800413EF1 /* ic_nav_methodology.png in Resources */ = {isa = PBXBuildFile; fileRef = C44CF9FD1C4CD16800413EF1 /* ic_nav_methodology.png */; };
		C44CFA511C4CD16800413EF1 /* ic_nav_overview.png in Resources */ = {isa = PBXBuildFile; fileRef = C44CF9FE1C4CD16800413EF1 /* ic_nav_overview.png */; };
		C44CFA521C4CD16800413EF1 /* ic_nav_portfolio.png in Resources */ = {isa = PBXBuildFile; fileRef = C44CF9FF1C4CD16800413EF1 /* ic_nav_portfolio.png */; };
		C44CFA531C4CD16800413EF1 /* ic_nav_social.png in Resources */ = {isa = PBXBuildFile; fileRef = C44CFA001C4CD16800413EF1 /* ic_nav_social.png */; };
		C44CFA541C4CD16800413EF1 /* ic_nav_team.png in Resources */ = {isa = PBXBuildFile; fileRef = C44CFA011C4CD16800413EF1 /* ic_nav_team.png */; };
		C44CFA551C4CD16800413EF1 /* ic_nav_testimonial.png in Resources */ = {isa = PBXBuildFile; fileRef = C44CFA021C4CD16800413EF1 /* ic_nav_testimonial.png */; };
		C44CFA561C4CD16800413EF1 /* ic_nav_web.png in Resources */ = {isa = PBXBuildFile; fileRef = C44CFA031C4CD16800413EF1 /* ic_nav_web.png */; };
		C44CFA571C4CD16800413EF1 /* app_inside_logo.png in Resources */ = {isa = PBXBuildFile; fileRef = C44CFA041C4CD16800413EF1 /* app_inside_logo.png */; };
		C44CFA581C4CD16800413EF1 /* img_nav_header.jpg in Resources */ = {isa = PBXBuildFile; fileRef = C44CFA051C4CD16800413EF1 /* img_nav_header.jpg */; };
		C44CFA5C1C4CD18800413EF1 /* TagButton.swift in Sources */ = {isa = PBXBuildFile; fileRef = C44CFA591C4CD18800413EF1 /* TagButton.swift */; };
		C44CFA5D1C4CD18800413EF1 /* CardView.swift in Sources */ = {isa = PBXBuildFile; fileRef = C44CFA5A1C4CD18800413EF1 /* CardView.swift */; };
		C44CFA5E1C4CD18800413EF1 /* GradientView.swift in Sources */ = {isa = PBXBuildFile; fileRef = C44CFA5B1C4CD18800413EF1 /* GradientView.swift */; };
		C44CFA601C4CDE8600413EF1 /* DrawerViewController.swift in Sources */ = {isa = PBXBuildFile; fileRef = C44CFA5F1C4CDE8600413EF1 /* DrawerViewController.swift */; };
		C44CFA621C4CDEFA00413EF1 /* ShowcaseViewController.swift in Sources */ = {isa = PBXBuildFile; fileRef = C44CFA611C4CDEFA00413EF1 /* ShowcaseViewController.swift */; };
		C44CFA641C4CDF1400413EF1 /* SocialViewController.swift in Sources */ = {isa = PBXBuildFile; fileRef = C44CFA631C4CDF1400413EF1 /* SocialViewController.swift */; };
		C44CFA661C4CDF2400413EF1 /* OverViewController.swift in Sources */ = {isa = PBXBuildFile; fileRef = C44CFA651C4CDF2400413EF1 /* OverViewController.swift */; };
		C44CFA681C4CDF3900413EF1 /* MapViewController.swift in Sources */ = {isa = PBXBuildFile; fileRef = C44CFA671C4CDF3900413EF1 /* MapViewController.swift */; };
		C44CFA6A1C4CDF8B00413EF1 /* MethodologyViewController.swift in Sources */ = {isa = PBXBuildFile; fileRef = C44CFA691C4CDF8B00413EF1 /* MethodologyViewController.swift */; };
		C44CFA6C1C4CDF9D00413EF1 /* TeamViewController.swift in Sources */ = {isa = PBXBuildFile; fileRef = C44CFA6B1C4CDF9D00413EF1 /* TeamViewController.swift */; };
		C44CFA6E1C4CDFB100413EF1 /* TestimonialViewController.swift in Sources */ = {isa = PBXBuildFile; fileRef = C44CFA6D1C4CDFB100413EF1 /* TestimonialViewController.swift */; };
		C44CFA701C4CDFD100413EF1 /* PortfolioViewController.swift in Sources */ = {isa = PBXBuildFile; fileRef = C44CFA6F1C4CDFD100413EF1 /* PortfolioViewController.swift */; };
		C44CFA721C4CDFDE00413EF1 /* ClientViewController.swift in Sources */ = {isa = PBXBuildFile; fileRef = C44CFA711C4CDFDE00413EF1 /* ClientViewController.swift */; };
		C44CFA741C4CDFEE00413EF1 /* FAQViewController.swift in Sources */ = {isa = PBXBuildFile; fileRef = C44CFA731C4CDFEE00413EF1 /* FAQViewController.swift */; };
		C4F7E87C1C4DEE6500CA82CB /* MMDrawerBarButtonItem.m in Sources */ = {isa = PBXBuildFile; fileRef = C4F7E8721C4DEE6500CA82CB /* MMDrawerBarButtonItem.m */; };
		C4F7E87D1C4DEE6500CA82CB /* MMDrawerController.m in Sources */ = {isa = PBXBuildFile; fileRef = C4F7E8741C4DEE6500CA82CB /* MMDrawerController.m */; };
		C4F7E87E1C4DEE6500CA82CB /* MMDrawerVisualState.m in Sources */ = {isa = PBXBuildFile; fileRef = C4F7E8771C4DEE6500CA82CB /* MMDrawerVisualState.m */; };
		C4F7E87F1C4DEE6500CA82CB /* UIViewController+MMDrawerController.m in Sources */ = {isa = PBXBuildFile; fileRef = C4F7E8791C4DEE6500CA82CB /* UIViewController+MMDrawerController.m */; };
		C4F7E8811C4DF1EB00CA82CB /* DrawerHeaderCell.swift in Sources */ = {isa = PBXBuildFile; fileRef = C4F7E8801C4DF1EB00CA82CB /* DrawerHeaderCell.swift */; };
		C4F7E8831C4DF1F000CA82CB /* DrawerFooterCell.swift in Sources */ = {isa = PBXBuildFile; fileRef = C4F7E8821C4DF1F000CA82CB /* DrawerFooterCell.swift */; };
		C4F7E8851C4DF1FE00CA82CB /* DrawerCell.swift in Sources */ = {isa = PBXBuildFile; fileRef = C4F7E8841C4DF1FE00CA82CB /* DrawerCell.swift */; };
		C4F7E8871C4DF21000CA82CB /* OverviewCell.swift in Sources */ = {isa = PBXBuildFile; fileRef = C4F7E8861C4DF21000CA82CB /* OverviewCell.swift */; };
		C4F7E8891C4DF24200CA82CB /* FilterCell.swift in Sources */ = {isa = PBXBuildFile; fileRef = C4F7E8881C4DF24200CA82CB /* FilterCell.swift */; };
		C4F7E88B1C4DF25700CA82CB /* MethodologyCell.swift in Sources */ = {isa = PBXBuildFile; fileRef = C4F7E88A1C4DF25700CA82CB /* MethodologyCell.swift */; };
		C4F7E88D1C4DF26300CA82CB /* CollectionViewCell.swift in Sources */ = {isa = PBXBuildFile; fileRef = C4F7E88C1C4DF26300CA82CB /* CollectionViewCell.swift */; };
		C4F7E88F1C4DF27700CA82CB /* TestimonialCell.swift in Sources */ = {isa = PBXBuildFile; fileRef = C4F7E88E1C4DF27700CA82CB /* TestimonialCell.swift */; };
		C4F7E8911C4DF28600CA82CB /* PortfolioCell.swift in Sources */ = {isa = PBXBuildFile; fileRef = C4F7E8901C4DF28600CA82CB /* PortfolioCell.swift */; };
		C4F7E8931C4DF29900CA82CB /* ClientCell.swift in Sources */ = {isa = PBXBuildFile; fileRef = C4F7E8921C4DF29900CA82CB /* ClientCell.swift */; };
		C4F7E8951C4DF2A900CA82CB /* FAQCell.swift in Sources */ = {isa = PBXBuildFile; fileRef = C4F7E8941C4DF2A900CA82CB /* FAQCell.swift */; };
/* End PBXBuildFile section */

/* Begin PBXFileReference section */
		C44CF99A1C4CCEAC00413EF1 /* Audacity Company Profile.app */ = {isa = PBXFileReference; explicitFileType = wrapper.application; includeInIndex = 0; path = "Audacity Company Profile.app"; sourceTree = BUILT_PRODUCTS_DIR; };
		C44CF99D1C4CCEAC00413EF1 /* AppDelegate.swift */ = {isa = PBXFileReference; lastKnownFileType = sourcecode.swift; path = AppDelegate.swift; sourceTree = "<group>"; };
		C44CF99F1C4CCEAC00413EF1 /* HomeViewController.swift */ = {isa = PBXFileReference; lastKnownFileType = sourcecode.swift; path = HomeViewController.swift; sourceTree = "<group>"; };
		C44CF9A21C4CCEAC00413EF1 /* Base */ = {isa = PBXFileReference; lastKnownFileType = file.storyboard; name = Base; path = Base.lproj/Main.storyboard; sourceTree = "<group>"; };
		C44CF9A41C4CCEAC00413EF1 /* Assets.xcassets */ = {isa = PBXFileReference; lastKnownFileType = folder.assetcatalog; path = Assets.xcassets; sourceTree = "<group>"; };
		C44CF9A71C4CCEAC00413EF1 /* Base */ = {isa = PBXFileReference; lastKnownFileType = file.storyboard; name = Base; path = Base.lproj/LaunchScreen.storyboard; sourceTree = "<group>"; };
		C44CF9A91C4CCEAC00413EF1 /* Info.plist */ = {isa = PBXFileReference; lastKnownFileType = text.plist.xml; path = Info.plist; sourceTree = "<group>"; };
		C44CF9B31C4CD16800413EF1 /* img_home_1.jpg */ = {isa = PBXFileReference; lastKnownFileType = image.jpeg; path = img_home_1.jpg; sourceTree = "<group>"; };
		C44CF9B41C4CD16800413EF1 /* img_home_2.jpg */ = {isa = PBXFileReference; lastKnownFileType = image.jpeg; path = img_home_2.jpg; sourceTree = "<group>"; };
		C44CF9B51C4CD16800413EF1 /* back_icon.png */ = {isa = PBXFileReference; lastKnownFileType = image.png; path = back_icon.png; sourceTree = "<group>"; };
		C44CF9B61C4CD16800413EF1 /* ic_social_fb.png */ = {isa = PBXFileReference; lastKnownFileType = image.png; path = ic_social_fb.png; sourceTree = "<group>"; };
		C44CF9B71C4CD16800413EF1 /* ic_overview_infrastructure.png */ = {isa = PBXFileReference; lastKnownFileType = image.png; path = ic_overview_infrastructure.png; sourceTree = "<group>"; };
		C44CF9B81C4CD16800413EF1 /* ic_overview_location.png */ = {isa = PBXFileReference; lastKnownFileType = image.png; path = ic_overview_location.png; sourceTree = "<group>"; };
		C44CF9B91C4CD16800413EF1 /* ic_social_chat.png */ = {isa = PBXFileReference; lastKnownFileType = image.png; path = ic_social_chat.png; sourceTree = "<group>"; };
		C44CF9BA1C4CD16800413EF1 /* ic_client_extend_arrow.png */ = {isa = PBXFileReference; lastKnownFileType = image.png; path = ic_client_extend_arrow.png; sourceTree = "<group>"; };
		C44CF9BB1C4CD16800413EF1 /* ic_methodology_1.png */ = {isa = PBXFileReference; lastKnownFileType = image.png; path = ic_methodology_1.png; sourceTree = "<group>"; };
		C44CF9BC1C4CD16800413EF1 /* img_client_1.jpg */ = {isa = PBXFileReference; lastKnownFileType = image.jpeg; path = img_client_1.jpg; sourceTree = "<group>"; };
		C44CF9BD1C4CD16800413EF1 /* ic_fab_all.png */ = {isa = PBXFileReference; lastKnownFileType = image.png; path = ic_fab_all.png; sourceTree = "<group>"; };
		C44CF9BE1C4CD16800413EF1 /* ic_fab_android.png */ = {isa = PBXFileReference; lastKnownFileType = image.png; path = ic_fab_android.png; sourceTree = "<group>"; };
		C44CF9BF1C4CD16800413EF1 /* ic_fab_filter.png */ = {isa = PBXFileReference; lastKnownFileType = image.png; path = ic_fab_filter.png; sourceTree = "<group>"; };
		C44CF9C01C4CD16800413EF1 /* ic_fab_ios.png */ = {isa = PBXFileReference; lastKnownFileType = image.png; path = ic_fab_ios.png; sourceTree = "<group>"; };
		C44CF9C11C4CD16800413EF1 /* ic_nav_home.png */ = {isa = PBXFileReference; lastKnownFileType = image.png; path = ic_nav_home.png; sourceTree = "<group>"; };
		C44CF9C21C4CD16800413EF1 /* ic_fab_product.png */ = {isa = PBXFileReference; lastKnownFileType = image.png; path = ic_fab_product.png; sourceTree = "<group>"; };
		C44CF9C31C4CD16800413EF1 /* ic_fab_star.png */ = {isa = PBXFileReference; lastKnownFileType = image.png; path = ic_fab_star.png; sourceTree = "<group>"; };
		C44CF9C41C4CD16800413EF1 /* ic_fab_ui_ux.png */ = {isa = PBXFileReference; lastKnownFileType = image.png; path = ic_fab_ui_ux.png; sourceTree = "<group>"; };
		C44CF9C51C4CD16800413EF1 /* ic_fab_wearable.png */ = {isa = PBXFileReference; lastKnownFileType = image.png; path = ic_fab_wearable.png; sourceTree = "<group>"; };
		C44CF9C61C4CD16800413EF1 /* ic_fab_web.png */ = {isa = PBXFileReference; lastKnownFileType = image.png; path = ic_fab_web.png; sourceTree = "<group>"; };
		C44CF9C71C4CD16800413EF1 /* img_client_2.jpg */ = {isa = PBXFileReference; lastKnownFileType = image.jpeg; path = img_client_2.jpg; sourceTree = "<group>"; };
		C44CF9C81C4CD16800413EF1 /* img_client_3.jpg */ = {isa = PBXFileReference; lastKnownFileType = image.jpeg; path = img_client_3.jpg; sourceTree = "<group>"; };
		C44CF9C91C4CD16800413EF1 /* img_client_4.jpg */ = {isa = PBXFileReference; lastKnownFileType = image.jpeg; path = img_client_4.jpg; sourceTree = "<group>"; };
		C44CF9CA1C4CD16800413EF1 /* img_client_5.jpg */ = {isa = PBXFileReference; lastKnownFileType = image.jpeg; path = img_client_5.jpg; sourceTree = "<group>"; };
		C44CF9CB1C4CD16800413EF1 /* img_client_6.jpg */ = {isa = PBXFileReference; lastKnownFileType = image.jpeg; path = img_client_6.jpg; sourceTree = "<group>"; };
		C44CF9CC1C4CD16800413EF1 /* img_client_7.png */ = {isa = PBXFileReference; lastKnownFileType = image.png; path = img_client_7.png; sourceTree = "<group>"; };
		C44CF9CD1C4CD16800413EF1 /* img_portfolio_1.jpg */ = {isa = PBXFileReference; lastKnownFileType = image.jpeg; path = img_portfolio_1.jpg; sourceTree = "<group>"; };
		C44CF9CE1C4CD16800413EF1 /* img_portfolio_2.jpg */ = {isa = PBXFileReference; lastKnownFileType = image.jpeg; path = img_portfolio_2.jpg; sourceTree = "<group>"; };
		C44CF9CF1C4CD16800413EF1 /* ic_heart_outline_grey.png */ = {isa = PBXFileReference; lastKnownFileType = image.png; path = ic_heart_outline_grey.png; sourceTree = "<group>"; };
		C44CF9D01C4CD16800413EF1 /* ic_heart_outline_white.png */ = {isa = PBXFileReference; lastKnownFileType = image.png; path = ic_heart_outline_white.png; sourceTree = "<group>"; };
		C44CF9D11C4CD16800413EF1 /* ic_heart_red.png */ = {isa = PBXFileReference; lastKnownFileType = image.png; path = ic_heart_red.png; sourceTree = "<group>"; };
		C44CF9D21C4CD16800413EF1 /* ic_heart_small_blue.png */ = {isa = PBXFileReference; lastKnownFileType = image.png; path = ic_heart_small_blue.png; sourceTree = "<group>"; };
		C44CF9D31C4CD16800413EF1 /* img_portfolio_3.jpg */ = {isa = PBXFileReference; lastKnownFileType = image.jpeg; path = img_portfolio_3.jpg; sourceTree = "<group>"; };
		C44CF9D41C4CD16800413EF1 /* img_portfolio_4.jpg */ = {isa = PBXFileReference; lastKnownFileType = image.jpeg; path = img_portfolio_4.jpg; sourceTree = "<group>"; };
		C44CF9D51C4CD16800413EF1 /* img_portfolio_5.jpg */ = {isa = PBXFileReference; lastKnownFileType = image.jpeg; path = img_portfolio_5.jpg; sourceTree = "<group>"; };
		C44CF9D61C4CD16800413EF1 /* img_portfolio_6.jpg */ = {isa = PBXFileReference; lastKnownFileType = image.jpeg; path = img_portfolio_6.jpg; sourceTree = "<group>"; };
		C44CF9D71C4CD16800413EF1 /* img_portfolio_7.jpg */ = {isa = PBXFileReference; lastKnownFileType = image.jpeg; path = img_portfolio_7.jpg; sourceTree = "<group>"; };
		C44CF9D81C4CD16800413EF1 /* img_portfolio_8.jpg */ = {isa = PBXFileReference; lastKnownFileType = image.jpeg; path = img_portfolio_8.jpg; sourceTree = "<group>"; };
		C44CF9D91C4CD16800413EF1 /* img_portfolio_9.jpg */ = {isa = PBXFileReference; lastKnownFileType = image.jpeg; path = img_portfolio_9.jpg; sourceTree = "<group>"; };
		C44CF9DA1C4CD16800413EF1 /* ic_testimonial_web.png */ = {isa = PBXFileReference; lastKnownFileType = image.png; path = ic_testimonial_web.png; sourceTree = "<group>"; };
		C44CF9DB1C4CD16800413EF1 /* ic_methodology_2.png */ = {isa = PBXFileReference; lastKnownFileType = image.png; path = ic_methodology_2.png; sourceTree = "<group>"; };
		C44CF9DC1C4CD16800413EF1 /* ic_testimonial_quote_end.png */ = {isa = PBXFileReference; lastKnownFileType = image.png; path = ic_testimonial_quote_end.png; sourceTree = "<group>"; };
		C44CF9DD1C4CD16800413EF1 /* ic_testimonial_quote_start.png */ = {isa = PBXFileReference; lastKnownFileType = image.png; path = ic_testimonial_quote_start.png; sourceTree = "<group>"; };
		C44CF9DE1C4CD16800413EF1 /* ic_methodology_3.png */ = {isa = PBXFileReference; lastKnownFileType = image.png; path = ic_methodology_3.png; sourceTree = "<group>"; };
		C44CF9DF1C4CD16800413EF1 /* ic_methodology_4.png */ = {isa = PBXFileReference; lastKnownFileType = image.png; path = ic_methodology_4.png; sourceTree = "<group>"; };
		C44CF9E01C4CD16800413EF1 /* ic_methodology_5.png */ = {isa = PBXFileReference; lastKnownFileType = image.png; path = ic_methodology_5.png; sourceTree = "<group>"; };
		C44CF9E11C4CD16800413EF1 /* ic_methodology_6.png */ = {isa = PBXFileReference; lastKnownFileType = image.png; path = ic_methodology_6.png; sourceTree = "<group>"; };
		C44CF9E21C4CD16800413EF1 /* ic_member_faisal.png */ = {isa = PBXFileReference; lastKnownFileType = image.png; path = ic_member_faisal.png; sourceTree = "<group>"; };
		C44CF9E31C4CD16800413EF1 /* ic_member_mamun.png */ = {isa = PBXFileReference; lastKnownFileType = image.png; path = ic_member_mamun.png; sourceTree = "<group>"; };
		C44CF9E41C4CD16800413EF1 /* ic_member_rifat.png */ = {isa = PBXFileReference; lastKnownFileType = image.png; path = ic_member_rifat.png; sourceTree = "<group>"; };
		C44CF9E51C4CD16800413EF1 /* ic_member_saurav.png */ = {isa = PBXFileReference; lastKnownFileType = image.png; path = ic_member_saurav.png; sourceTree = "<group>"; };
		C44CF9E61C4CD16800413EF1 /* ic_member_shaun.png */ = {isa = PBXFileReference; lastKnownFileType = image.png; path = ic_member_shaun.png; sourceTree = "<group>"; };
		C44CF9E71C4CD16800413EF1 /* ic_member_siddiq.png */ = {isa = PBXFileReference; lastKnownFileType = image.png; path = ic_member_siddiq.png; sourceTree = "<group>"; };
		C44CF9E81C4CD16800413EF1 /* ic_member_sumon.png */ = {isa = PBXFileReference; lastKnownFileType = image.png; path = ic_member_sumon.png; sourceTree = "<group>"; };
		C44CF9E91C4CD16800413EF1 /* ic_member_suraiya.png */ = {isa = PBXFileReference; lastKnownFileType = image.png; path = ic_member_suraiya.png; sourceTree = "<group>"; };
		C44CF9EA1C4CD16800413EF1 /* ic_member_tinu.png */ = {isa = PBXFileReference; lastKnownFileType = image.png; path = ic_member_tinu.png; sourceTree = "<group>"; };
		C44CF9EB1C4CD16800413EF1 /* ic_member_tuhin.png */ = {isa = PBXFileReference; lastKnownFileType = image.png; path = ic_member_tuhin.png; sourceTree = "<group>"; };
		C44CF9EC1C4CD16800413EF1 /* ic_member_tushar.png */ = {isa = PBXFileReference; lastKnownFileType = image.png; path = ic_member_tushar.png; sourceTree = "<group>"; };
		C44CF9ED1C4CD16800413EF1 /* ic_overview_skill.png */ = {isa = PBXFileReference; lastKnownFileType = image.png; path = ic_overview_skill.png; sourceTree = "<group>"; };
		C44CF9EE1C4CD16800413EF1 /* ic_social_linked_in.png */ = {isa = PBXFileReference; lastKnownFileType = image.png; path = ic_social_linked_in.png; sourceTree = "<group>"; };
		C44CF9EF1C4CD16800413EF1 /* fab_map.png */ = {isa = PBXFileReference; lastKnownFileType = image.png; path = fab_map.png; sourceTree = "<group>"; };
		C44CF9F01C4CD16800413EF1 /* img_overview_parallax.jpg */ = {isa = PBXFileReference; lastKnownFileType = image.jpeg; path = img_overview_parallax.jpg; sourceTree = "<group>"; };
		C44CF9F11C4CD16800413EF1 /* ic_social_twitter.png */ = {isa = PBXFileReference; lastKnownFileType = image.png; path = ic_social_twitter.png; sourceTree = "<group>"; };
		C44CF9F21C4CD16800413EF1 /* ic_overview_company.png */ = {isa = PBXFileReference; lastKnownFileType = image.png; path = ic_overview_company.png; sourceTree = "<group>"; };
		C44CF9F31C4CD16800413EF1 /* ic_social_youtube.png */ = {isa = PBXFileReference; lastKnownFileType = image.png; path = ic_social_youtube.png; sourceTree = "<group>"; };
		C44CF9F41C4CD16800413EF1 /* ic_overview_basic.png */ = {isa = PBXFileReference; lastKnownFileType = image.png; path = ic_overview_basic.png; sourceTree = "<group>"; };
		C44CF9F51C4CD16800413EF1 /* img_home_3.jpg */ = {isa = PBXFileReference; lastKnownFileType = image.jpeg; path = img_home_3.jpg; sourceTree = "<group>"; };
		C44CF9F61C4CD16800413EF1 /* img_home_4.jpg */ = {isa = PBXFileReference; lastKnownFileType = image.jpeg; path = img_home_4.jpg; sourceTree = "<group>"; };
		C44CF9F71C4CD16800413EF1 /* ic_navigation.png */ = {isa = PBXFileReference; lastKnownFileType = image.png; path = ic_navigation.png; sourceTree = "<group>"; };
		C44CF9F81C4CD16800413EF1 /* img_home_5.jpg */ = {isa = PBXFileReference; lastKnownFileType = image.jpeg; path = img_home_5.jpg; sourceTree = "<group>"; };
		C44CF9F91C4CD16800413EF1 /* ic_nav_call.png */ = {isa = PBXFileReference; lastKnownFileType = image.png; path = ic_nav_call.png; sourceTree = "<group>"; };
		C44CF9FA1C4CD16800413EF1 /* ic_nav_client.png */ = {isa = PBXFileReference; lastKnownFileType = image.png; path = ic_nav_client.png; sourceTree = "<group>"; };
		C44CF9FB1C4CD16800413EF1 /* ic_nav_faq.png */ = {isa = PBXFileReference; lastKnownFileType = image.png; path = ic_nav_faq.png; sourceTree = "<group>"; };
		C44CF9FC1C4CD16800413EF1 /* ic_nav_mail.png */ = {isa = PBXFileReference; lastKnownFileType = image.png; path = ic_nav_mail.png; sourceTree = "<group>"; };
		C44CF9FD1C4CD16800413EF1 /* ic_nav_methodology.png */ = {isa = PBXFileReference; lastKnownFileType = image.png; path = ic_nav_methodology.png; sourceTree = "<group>"; };
		C44CF9FE1C4CD16800413EF1 /* ic_nav_overview.png */ = {isa = PBXFileReference; lastKnownFileType = image.png; path = ic_nav_overview.png; sourceTree = "<group>"; };
		C44CF9FF1C4CD16800413EF1 /* ic_nav_portfolio.png */ = {isa = PBXFileReference; lastKnownFileType = image.png; path = ic_nav_portfolio.png; sourceTree = "<group>"; };
		C44CFA001C4CD16800413EF1 /* ic_nav_social.png */ = {isa = PBXFileReference; lastKnownFileType = image.png; path = ic_nav_social.png; sourceTree = "<group>"; };
		C44CFA011C4CD16800413EF1 /* ic_nav_team.png */ = {isa = PBXFileReference; lastKnownFileType = image.png; path = ic_nav_team.png; sourceTree = "<group>"; };
		C44CFA021C4CD16800413EF1 /* ic_nav_testimonial.png */ = {isa = PBXFileReference; lastKnownFileType = image.png; path = ic_nav_testimonial.png; sourceTree = "<group>"; };
		C44CFA031C4CD16800413EF1 /* ic_nav_web.png */ = {isa = PBXFileReference; lastKnownFileType = image.png; path = ic_nav_web.png; sourceTree = "<group>"; };
		C44CFA041C4CD16800413EF1 /* app_inside_logo.png */ = {isa = PBXFileReference; lastKnownFileType = image.png; path = app_inside_logo.png; sourceTree = "<group>"; };
		C44CFA051C4CD16800413EF1 /* img_nav_header.jpg */ = {isa = PBXFileReference; lastKnownFileType = image.jpeg; path = img_nav_header.jpg; sourceTree = "<group>"; };
		C44CFA591C4CD18800413EF1 /* TagButton.swift */ = {isa = PBXFileReference; fileEncoding = 4; lastKnownFileType = sourcecode.swift; path = TagButton.swift; sourceTree = "<group>"; };
		C44CFA5A1C4CD18800413EF1 /* CardView.swift */ = {isa = PBXFileReference; fileEncoding = 4; lastKnownFileType = sourcecode.swift; path = CardView.swift; sourceTree = "<group>"; };
		C44CFA5B1C4CD18800413EF1 /* GradientView.swift */ = {isa = PBXFileReference; fileEncoding = 4; lastKnownFileType = sourcecode.swift; path = GradientView.swift; sourceTree = "<group>"; };
		C44CFA5F1C4CDE8600413EF1 /* DrawerViewController.swift */ = {isa = PBXFileReference; fileEncoding = 4; lastKnownFileType = sourcecode.swift; path = DrawerViewController.swift; sourceTree = "<group>"; };
		C44CFA611C4CDEFA00413EF1 /* ShowcaseViewController.swift */ = {isa = PBXFileReference; fileEncoding = 4; lastKnownFileType = sourcecode.swift; path = ShowcaseViewController.swift; sourceTree = "<group>"; };
		C44CFA631C4CDF1400413EF1 /* SocialViewController.swift */ = {isa = PBXFileReference; fileEncoding = 4; lastKnownFileType = sourcecode.swift; path = SocialViewController.swift; sourceTree = "<group>"; };
		C44CFA651C4CDF2400413EF1 /* OverViewController.swift */ = {isa = PBXFileReference; fileEncoding = 4; lastKnownFileType = sourcecode.swift; path = OverViewController.swift; sourceTree = "<group>"; };
		C44CFA671C4CDF3900413EF1 /* MapViewController.swift */ = {isa = PBXFileReference; fileEncoding = 4; lastKnownFileType = sourcecode.swift; path = MapViewController.swift; sourceTree = "<group>"; };
		C44CFA691C4CDF8B00413EF1 /* MethodologyViewController.swift */ = {isa = PBXFileReference; fileEncoding = 4; lastKnownFileType = sourcecode.swift; path = MethodologyViewController.swift; sourceTree = "<group>"; };
		C44CFA6B1C4CDF9D00413EF1 /* TeamViewController.swift */ = {isa = PBXFileReference; fileEncoding = 4; lastKnownFileType = sourcecode.swift; path = TeamViewController.swift; sourceTree = "<group>"; };
		C44CFA6D1C4CDFB100413EF1 /* TestimonialViewController.swift */ = {isa = PBXFileReference; fileEncoding = 4; lastKnownFileType = sourcecode.swift; path = TestimonialViewController.swift; sourceTree = "<group>"; };
		C44CFA6F1C4CDFD100413EF1 /* PortfolioViewController.swift */ = {isa = PBXFileReference; fileEncoding = 4; lastKnownFileType = sourcecode.swift; path = PortfolioViewController.swift; sourceTree = "<group>"; };
		C44CFA711C4CDFDE00413EF1 /* ClientViewController.swift */ = {isa = PBXFileReference; fileEncoding = 4; lastKnownFileType = sourcecode.swift; path = ClientViewController.swift; sourceTree = "<group>"; };
		C44CFA731C4CDFEE00413EF1 /* FAQViewController.swift */ = {isa = PBXFileReference; fileEncoding = 4; lastKnownFileType = sourcecode.swift; path = FAQViewController.swift; sourceTree = "<group>"; };
		C4F7E8701C4DEE6500CA82CB /* Audacity Company Profile-Bridging-Header.h */ = {isa = PBXFileReference; lastKnownFileType = sourcecode.c.h; path = "Audacity Company Profile-Bridging-Header.h"; sourceTree = "<group>"; };
		C4F7E8711C4DEE6500CA82CB /* MMDrawerBarButtonItem.h */ = {isa = PBXFileReference; fileEncoding = 4; lastKnownFileType = sourcecode.c.h; path = MMDrawerBarButtonItem.h; sourceTree = "<group>"; };
		C4F7E8721C4DEE6500CA82CB /* MMDrawerBarButtonItem.m */ = {isa = PBXFileReference; fileEncoding = 4; lastKnownFileType = sourcecode.c.objc; path = MMDrawerBarButtonItem.m; sourceTree = "<group>"; };
		C4F7E8731C4DEE6500CA82CB /* MMDrawerController.h */ = {isa = PBXFileReference; fileEncoding = 4; lastKnownFileType = sourcecode.c.h; path = MMDrawerController.h; sourceTree = "<group>"; };
		C4F7E8741C4DEE6500CA82CB /* MMDrawerController.m */ = {isa = PBXFileReference; fileEncoding = 4; lastKnownFileType = sourcecode.c.objc; path = MMDrawerController.m; sourceTree = "<group>"; };
		C4F7E8751C4DEE6500CA82CB /* MMDrawerController+Subclass.h */ = {isa = PBXFileReference; fileEncoding = 4; lastKnownFileType = sourcecode.c.h; path = "MMDrawerController+Subclass.h"; sourceTree = "<group>"; };
		C4F7E8761C4DEE6500CA82CB /* MMDrawerVisualState.h */ = {isa = PBXFileReference; fileEncoding = 4; lastKnownFileType = sourcecode.c.h; path = MMDrawerVisualState.h; sourceTree = "<group>"; };
		C4F7E8771C4DEE6500CA82CB /* MMDrawerVisualState.m */ = {isa = PBXFileReference; fileEncoding = 4; lastKnownFileType = sourcecode.c.objc; path = MMDrawerVisualState.m; sourceTree = "<group>"; };
		C4F7E8781C4DEE6500CA82CB /* UIViewController+MMDrawerController.h */ = {isa = PBXFileReference; fileEncoding = 4; lastKnownFileType = sourcecode.c.h; path = "UIViewController+MMDrawerController.h"; sourceTree = "<group>"; };
		C4F7E8791C4DEE6500CA82CB /* UIViewController+MMDrawerController.m */ = {isa = PBXFileReference; fileEncoding = 4; lastKnownFileType = sourcecode.c.objc; path = "UIViewController+MMDrawerController.m"; sourceTree = "<group>"; };
		C4F7E87A1C4DEE6500CA82CB /* MyNavigationDrawer-Bridging-Header.h */ = {isa = PBXFileReference; fileEncoding = 4; lastKnownFileType = sourcecode.c.h; path = "MyNavigationDrawer-Bridging-Header.h"; sourceTree = "<group>"; };
		C4F7E87B1C4DEE6500CA82CB /* CompanyProfileNavigationDrawer-Bridging-Header.h */ = {isa = PBXFileReference; fileEncoding = 4; lastKnownFileType = sourcecode.c.h; path = "CompanyProfileNavigationDrawer-Bridging-Header.h"; sourceTree = "<group>"; };
		C4F7E8801C4DF1EB00CA82CB /* DrawerHeaderCell.swift */ = {isa = PBXFileReference; fileEncoding = 4; lastKnownFileType = sourcecode.swift; path = DrawerHeaderCell.swift; sourceTree = "<group>"; };
		C4F7E8821C4DF1F000CA82CB /* DrawerFooterCell.swift */ = {isa = PBXFileReference; fileEncoding = 4; lastKnownFileType = sourcecode.swift; path = DrawerFooterCell.swift; sourceTree = "<group>"; };
		C4F7E8841C4DF1FE00CA82CB /* DrawerCell.swift */ = {isa = PBXFileReference; fileEncoding = 4; lastKnownFileType = sourcecode.swift; path = DrawerCell.swift; sourceTree = "<group>"; };
		C4F7E8861C4DF21000CA82CB /* OverviewCell.swift */ = {isa = PBXFileReference; fileEncoding = 4; lastKnownFileType = sourcecode.swift; path = OverviewCell.swift; sourceTree = "<group>"; };
		C4F7E8881C4DF24200CA82CB /* FilterCell.swift */ = {isa = PBXFileReference; fileEncoding = 4; lastKnownFileType = sourcecode.swift; path = FilterCell.swift; sourceTree = "<group>"; };
		C4F7E88A1C4DF25700CA82CB /* MethodologyCell.swift */ = {isa = PBXFileReference; fileEncoding = 4; lastKnownFileType = sourcecode.swift; path = MethodologyCell.swift; sourceTree = "<group>"; };
		C4F7E88C1C4DF26300CA82CB /* CollectionViewCell.swift */ = {isa = PBXFileReference; fileEncoding = 4; lastKnownFileType = sourcecode.swift; path = CollectionViewCell.swift; sourceTree = "<group>"; };
		C4F7E88E1C4DF27700CA82CB /* TestimonialCell.swift */ = {isa = PBXFileReference; fileEncoding = 4; lastKnownFileType = sourcecode.swift; path = TestimonialCell.swift; sourceTree = "<group>"; };
		C4F7E8901C4DF28600CA82CB /* PortfolioCell.swift */ = {isa = PBXFileReference; fileEncoding = 4; lastKnownFileType = sourcecode.swift; path = PortfolioCell.swift; sourceTree = "<group>"; };
		C4F7E8921C4DF29900CA82CB /* ClientCell.swift */ = {isa = PBXFileReference; fileEncoding = 4; lastKnownFileType = sourcecode.swift; path = ClientCell.swift; sourceTree = "<group>"; };
		C4F7E8941C4DF2A900CA82CB /* FAQCell.swift */ = {isa = PBXFileReference; fileEncoding = 4; lastKnownFileType = sourcecode.swift; path = FAQCell.swift; sourceTree = "<group>"; };
/* End PBXFileReference section */

/* Begin PBXFrameworksBuildPhase section */
		C44CF9971C4CCEAC00413EF1 /* Frameworks */ = {
			isa = PBXFrameworksBuildPhase;
			buildActionMask = 2147483647;
			files = (
			);
			runOnlyForDeploymentPostprocessing = 0;
		};
/* End PBXFrameworksBuildPhase section */

/* Begin PBXGroup section */
		C44CF9911C4CCEAC00413EF1 = {
			isa = PBXGroup;
			children = (
				C44CF99C1C4CCEAC00413EF1 /* Audacity Company Profile */,
				C44CF99B1C4CCEAC00413EF1 /* Products */,
			);
			sourceTree = "<group>";
		};
		C44CF99B1C4CCEAC00413EF1 /* Products */ = {
			isa = PBXGroup;
			children = (
				C44CF99A1C4CCEAC00413EF1 /* Audacity Company Profile.app */,
			);
			name = Products;
			sourceTree = "<group>";
		};
		C44CF99C1C4CCEAC00413EF1 /* Audacity Company Profile */ = {
			isa = PBXGroup;
			children = (
				C4F7E86F1C4DEE4200CA82CB /* MySideMenu */,
				C44CF9B21C4CCEE400413EF1 /* CustomComponent */,
				C44CF9B11C4CCED700413EF1 /* CustomTableCell */,
				C44CF9B01C4CCECC00413EF1 /* images */,
				C44CF9AF1C4CCEC000413EF1 /* ViewController */,
				C44CF99D1C4CCEAC00413EF1 /* AppDelegate.swift */,
				C44CF9A11C4CCEAC00413EF1 /* Main.storyboard */,
				C44CF9A41C4CCEAC00413EF1 /* Assets.xcassets */,
				C44CF9A61C4CCEAC00413EF1 /* LaunchScreen.storyboard */,
				C44CF9A91C4CCEAC00413EF1 /* Info.plist */,
			);
			path = "Audacity Company Profile";
			sourceTree = "<group>";
		};
		C44CF9AF1C4CCEC000413EF1 /* ViewController */ = {
			isa = PBXGroup;
			children = (
				C44CF99F1C4CCEAC00413EF1 /* HomeViewController.swift */,
				C44CFA5F1C4CDE8600413EF1 /* DrawerViewController.swift */,
				C44CFA611C4CDEFA00413EF1 /* ShowcaseViewController.swift */,
				C44CFA631C4CDF1400413EF1 /* SocialViewController.swift */,
				C44CFA651C4CDF2400413EF1 /* OverViewController.swift */,
				C44CFA671C4CDF3900413EF1 /* MapViewController.swift */,
				C44CFA691C4CDF8B00413EF1 /* MethodologyViewController.swift */,
				C44CFA6B1C4CDF9D00413EF1 /* TeamViewController.swift */,
				C44CFA6D1C4CDFB100413EF1 /* TestimonialViewController.swift */,
				C44CFA6F1C4CDFD100413EF1 /* PortfolioViewController.swift */,
				C44CFA711C4CDFDE00413EF1 /* ClientViewController.swift */,
				C44CFA731C4CDFEE00413EF1 /* FAQViewController.swift */,
			);
			name = ViewController;
			sourceTree = "<group>";
		};
		C44CF9B01C4CCECC00413EF1 /* images */ = {
			isa = PBXGroup;
			children = (
				C44CF9B31C4CD16800413EF1 /* img_home_1.jpg */,
				C44CF9B41C4CD16800413EF1 /* img_home_2.jpg */,
				C44CF9B51C4CD16800413EF1 /* back_icon.png */,
				C44CF9B61C4CD16800413EF1 /* ic_social_fb.png */,
				C44CF9B71C4CD16800413EF1 /* ic_overview_infrastructure.png */,
				C44CF9B81C4CD16800413EF1 /* ic_overview_location.png */,
				C44CF9B91C4CD16800413EF1 /* ic_social_chat.png */,
				C44CF9BA1C4CD16800413EF1 /* ic_client_extend_arrow.png */,
				C44CF9BB1C4CD16800413EF1 /* ic_methodology_1.png */,
				C44CF9BC1C4CD16800413EF1 /* img_client_1.jpg */,
				C44CF9BD1C4CD16800413EF1 /* ic_fab_all.png */,
				C44CF9BE1C4CD16800413EF1 /* ic_fab_android.png */,
				C44CF9BF1C4CD16800413EF1 /* ic_fab_filter.png */,
				C44CF9C01C4CD16800413EF1 /* ic_fab_ios.png */,
				C44CF9C11C4CD16800413EF1 /* ic_nav_home.png */,
				C44CF9C21C4CD16800413EF1 /* ic_fab_product.png */,
				C44CF9C31C4CD16800413EF1 /* ic_fab_star.png */,
				C44CF9C41C4CD16800413EF1 /* ic_fab_ui_ux.png */,
				C44CF9C51C4CD16800413EF1 /* ic_fab_wearable.png */,
				C44CF9C61C4CD16800413EF1 /* ic_fab_web.png */,
				C44CF9C71C4CD16800413EF1 /* img_client_2.jpg */,
				C44CF9C81C4CD16800413EF1 /* img_client_3.jpg */,
				C44CF9C91C4CD16800413EF1 /* img_client_4.jpg */,
				C44CF9CA1C4CD16800413EF1 /* img_client_5.jpg */,
				C44CF9CB1C4CD16800413EF1 /* img_client_6.jpg */,
				C44CF9CC1C4CD16800413EF1 /* img_client_7.png */,
				C44CF9CD1C4CD16800413EF1 /* img_portfolio_1.jpg */,
				C44CF9CE1C4CD16800413EF1 /* img_portfolio_2.jpg */,
				C44CF9CF1C4CD16800413EF1 /* ic_heart_outline_grey.png */,
				C44CF9D01C4CD16800413EF1 /* ic_heart_outline_white.png */,
				C44CF9D11C4CD16800413EF1 /* ic_heart_red.png */,
				C44CF9D21C4CD16800413EF1 /* ic_heart_small_blue.png */,
				C44CF9D31C4CD16800413EF1 /* img_portfolio_3.jpg */,
				C44CF9D41C4CD16800413EF1 /* img_portfolio_4.jpg */,
				C44CF9D51C4CD16800413EF1 /* img_portfolio_5.jpg */,
				C44CF9D61C4CD16800413EF1 /* img_portfolio_6.jpg */,
				C44CF9D71C4CD16800413EF1 /* img_portfolio_7.jpg */,
				C44CF9D81C4CD16800413EF1 /* img_portfolio_8.jpg */,
				C44CF9D91C4CD16800413EF1 /* img_portfolio_9.jpg */,
				C44CF9DA1C4CD16800413EF1 /* ic_testimonial_web.png */,
				C44CF9DB1C4CD16800413EF1 /* ic_methodology_2.png */,
				C44CF9DC1C4CD16800413EF1 /* ic_testimonial_quote_end.png */,
				C44CF9DD1C4CD16800413EF1 /* ic_testimonial_quote_start.png */,
				C44CF9DE1C4CD16800413EF1 /* ic_methodology_3.png */,
				C44CF9DF1C4CD16800413EF1 /* ic_methodology_4.png */,
				C44CF9E01C4CD16800413EF1 /* ic_methodology_5.png */,
				C44CF9E11C4CD16800413EF1 /* ic_methodology_6.png */,
				C44CF9E21C4CD16800413EF1 /* ic_member_faisal.png */,
				C44CF9E31C4CD16800413EF1 /* ic_member_mamun.png */,
				C44CF9E41C4CD16800413EF1 /* ic_member_rifat.png */,
				C44CF9E51C4CD16800413EF1 /* ic_member_saurav.png */,
				C44CF9E61C4CD16800413EF1 /* ic_member_shaun.png */,
				C44CF9E71C4CD16800413EF1 /* ic_member_siddiq.png */,
				C44CF9E81C4CD16800413EF1 /* ic_member_sumon.png */,
				C44CF9E91C4CD16800413EF1 /* ic_member_suraiya.png */,
				C44CF9EA1C4CD16800413EF1 /* ic_member_tinu.png */,
				C44CF9EB1C4CD16800413EF1 /* ic_member_tuhin.png */,
				C44CF9EC1C4CD16800413EF1 /* ic_member_tushar.png */,
				C44CF9ED1C4CD16800413EF1 /* ic_overview_skill.png */,
				C44CF9EE1C4CD16800413EF1 /* ic_social_linked_in.png */,
				C44CF9EF1C4CD16800413EF1 /* fab_map.png */,
				C44CF9F01C4CD16800413EF1 /* img_overview_parallax.jpg */,
				C44CF9F11C4CD16800413EF1 /* ic_social_twitter.png */,
				C44CF9F21C4CD16800413EF1 /* ic_overview_company.png */,
				C44CF9F31C4CD16800413EF1 /* ic_social_youtube.png */,
				C44CF9F41C4CD16800413EF1 /* ic_overview_basic.png */,
				C44CF9F51C4CD16800413EF1 /* img_home_3.jpg */,
				C44CF9F61C4CD16800413EF1 /* img_home_4.jpg */,
				C44CF9F71C4CD16800413EF1 /* ic_navigation.png */,
				C44CF9F81C4CD16800413EF1 /* img_home_5.jpg */,
				C44CF9F91C4CD16800413EF1 /* ic_nav_call.png */,
				C44CF9FA1C4CD16800413EF1 /* ic_nav_client.png */,
				C44CF9FB1C4CD16800413EF1 /* ic_nav_faq.png */,
				C44CF9FC1C4CD16800413EF1 /* ic_nav_mail.png */,
				C44CF9FD1C4CD16800413EF1 /* ic_nav_methodology.png */,
				C44CF9FE1C4CD16800413EF1 /* ic_nav_overview.png */,
				C44CF9FF1C4CD16800413EF1 /* ic_nav_portfolio.png */,
				C44CFA001C4CD16800413EF1 /* ic_nav_social.png */,
				C44CFA011C4CD16800413EF1 /* ic_nav_team.png */,
				C44CFA021C4CD16800413EF1 /* ic_nav_testimonial.png */,
				C44CFA031C4CD16800413EF1 /* ic_nav_web.png */,
				C44CFA041C4CD16800413EF1 /* app_inside_logo.png */,
				C44CFA051C4CD16800413EF1 /* img_nav_header.jpg */,
			);
			name = images;
			sourceTree = "<group>";
		};
		C44CF9B11C4CCED700413EF1 /* CustomTableCell */ = {
			isa = PBXGroup;
			children = (
				C4F7E8841C4DF1FE00CA82CB /* DrawerCell.swift */,
				C4F7E8881C4DF24200CA82CB /* FilterCell.swift */,
				C4F7E88A1C4DF25700CA82CB /* MethodologyCell.swift */,
				C4F7E88E1C4DF27700CA82CB /* TestimonialCell.swift */,
				C4F7E8921C4DF29900CA82CB /* ClientCell.swift */,
				C4F7E8861C4DF21000CA82CB /* OverviewCell.swift */,
				C4F7E8941C4DF2A900CA82CB /* FAQCell.swift */,
				C4F7E8901C4DF28600CA82CB /* PortfolioCell.swift */,
				C4F7E88C1C4DF26300CA82CB /* CollectionViewCell.swift */,
				C4F7E8821C4DF1F000CA82CB /* DrawerFooterCell.swift */,
				C4F7E8801C4DF1EB00CA82CB /* DrawerHeaderCell.swift */,
			);
			name = CustomTableCell;
			sourceTree = "<group>";
		};
		C44CF9B21C4CCEE400413EF1 /* CustomComponent */ = {
			isa = PBXGroup;
			children = (
				C44CFA591C4CD18800413EF1 /* TagButton.swift */,
				C44CFA5A1C4CD18800413EF1 /* CardView.swift */,
				C44CFA5B1C4CD18800413EF1 /* GradientView.swift */,
			);
			name = CustomComponent;
			sourceTree = "<group>";
		};
		C4F7E86F1C4DEE4200CA82CB /* MySideMenu */ = {
			isa = PBXGroup;
			children = (
				C4F7E8711C4DEE6500CA82CB /* MMDrawerBarButtonItem.h */,
				C4F7E8721C4DEE6500CA82CB /* MMDrawerBarButtonItem.m */,
				C4F7E8731C4DEE6500CA82CB /* MMDrawerController.h */,
				C4F7E8741C4DEE6500CA82CB /* MMDrawerController.m */,
				C4F7E8751C4DEE6500CA82CB /* MMDrawerController+Subclass.h */,
				C4F7E8761C4DEE6500CA82CB /* MMDrawerVisualState.h */,
				C4F7E8771C4DEE6500CA82CB /* MMDrawerVisualState.m */,
				C4F7E8781C4DEE6500CA82CB /* UIViewController+MMDrawerController.h */,
				C4F7E8791C4DEE6500CA82CB /* UIViewController+MMDrawerController.m */,
				C4F7E87A1C4DEE6500CA82CB /* MyNavigationDrawer-Bridging-Header.h */,
				C4F7E87B1C4DEE6500CA82CB /* CompanyProfileNavigationDrawer-Bridging-Header.h */,
				C4F7E8701C4DEE6500CA82CB /* Audacity Company Profile-Bridging-Header.h */,
			);
			name = MySideMenu;
			sourceTree = "<group>";
		};
/* End PBXGroup section */

/* Begin PBXNativeTarget section */
		C44CF9991C4CCEAC00413EF1 /* Audacity Company Profile */ = {
			isa = PBXNativeTarget;
			buildConfigurationList = C44CF9AC1C4CCEAC00413EF1 /* Build configuration list for PBXNativeTarget "Audacity Company Profile" */;
			buildPhases = (
				C44CF9961C4CCEAC00413EF1 /* Sources */,
				C44CF9971C4CCEAC00413EF1 /* Frameworks */,
				C44CF9981C4CCEAC00413EF1 /* Resources */,
			);
			buildRules = (
			);
			dependencies = (
			);
			name = "Audacity Company Profile";
			productName = "Audacity Company Profile";
			productReference = C44CF99A1C4CCEAC00413EF1 /* Audacity Company Profile.app */;
			productType = "com.apple.product-type.application";
		};
/* End PBXNativeTarget section */

/* Begin PBXProject section */
		C44CF9921C4CCEAC00413EF1 /* Project object */ = {
			isa = PBXProject;
			attributes = {
				LastSwiftUpdateCheck = 0720;
				LastUpgradeCheck = 0720;
				ORGANIZATIONNAME = "Audacity IT Solutions";
				TargetAttributes = {
					C44CF9991C4CCEAC00413EF1 = {
						CreatedOnToolsVersion = 7.2;
					};
				};
			};
			buildConfigurationList = C44CF9951C4CCEAC00413EF1 /* Build configuration list for PBXProject "Audacity Company Profile" */;
			compatibilityVersion = "Xcode 3.2";
			developmentRegion = English;
			hasScannedForEncodings = 0;
			knownRegions = (
				en,
				Base,
			);
			mainGroup = C44CF9911C4CCEAC00413EF1;
			productRefGroup = C44CF99B1C4CCEAC00413EF1 /* Products */;
			projectDirPath = "";
			projectRoot = "";
			targets = (
				C44CF9991C4CCEAC00413EF1 /* Audacity Company Profile */,
			);
		};
/* End PBXProject section */

/* Begin PBXResourcesBuildPhase section */
		C44CF9981C4CCEAC00413EF1 /* Resources */ = {
			isa = PBXResourcesBuildPhase;
			buildActionMask = 2147483647;
			files = (
				C44CFA321C4CD16800413EF1 /* ic_methodology_4.png in Resources */,
				C44CFA271C4CD16800413EF1 /* img_portfolio_4.jpg in Resources */,
				C44CFA561C4CD16800413EF1 /* ic_nav_web.png in Resources */,
				C44CFA361C4CD16800413EF1 /* ic_member_mamun.png in Resources */,
				C44CFA221C4CD16800413EF1 /* ic_heart_outline_grey.png in Resources */,
				C44CFA521C4CD16800413EF1 /* ic_nav_portfolio.png in Resources */,
				C44CFA491C4CD16800413EF1 /* img_home_4.jpg in Resources */,
				C44CFA421C4CD16800413EF1 /* fab_map.png in Resources */,
				C44CFA191C4CD16800413EF1 /* ic_fab_web.png in Resources */,
				C44CFA091C4CD16800413EF1 /* ic_social_fb.png in Resources */,
				C44CFA4B1C4CD16800413EF1 /* img_home_5.jpg in Resources */,
				C44CFA391C4CD16800413EF1 /* ic_member_shaun.png in Resources */,
				C44CFA471C4CD16800413EF1 /* ic_overview_basic.png in Resources */,
				C44CFA3A1C4CD16800413EF1 /* ic_member_siddiq.png in Resources */,
				C44CFA201C4CD16800413EF1 /* img_portfolio_1.jpg in Resources */,
				C44CFA291C4CD16800413EF1 /* img_portfolio_6.jpg in Resources */,
				C44CF9A81C4CCEAC00413EF1 /* LaunchScreen.storyboard in Resources */,
				C44CFA1A1C4CD16800413EF1 /* img_client_2.jpg in Resources */,
				C44CF9A51C4CCEAC00413EF1 /* Assets.xcassets in Resources */,
				C44CFA341C4CD16800413EF1 /* ic_methodology_6.png in Resources */,
				C44CFA571C4CD16800413EF1 /* app_inside_logo.png in Resources */,
				C44CFA0F1C4CD16800413EF1 /* img_client_1.jpg in Resources */,
				C44CFA131C4CD16800413EF1 /* ic_fab_ios.png in Resources */,
				C44CFA3C1C4CD16800413EF1 /* ic_member_suraiya.png in Resources */,
				C44CFA371C4CD16800413EF1 /* ic_member_rifat.png in Resources */,
				C44CFA171C4CD16800413EF1 /* ic_fab_ui_ux.png in Resources */,
				C44CFA181C4CD16800413EF1 /* ic_fab_wearable.png in Resources */,
				C44CFA311C4CD16800413EF1 /* ic_methodology_3.png in Resources */,
				C44CFA1C1C4CD16800413EF1 /* img_client_4.jpg in Resources */,
				C44CFA511C4CD16800413EF1 /* ic_nav_overview.png in Resources */,
				C44CFA0D1C4CD16800413EF1 /* ic_client_extend_arrow.png in Resources */,
				C44CFA3D1C4CD16800413EF1 /* ic_member_tinu.png in Resources */,
				C44CFA4E1C4CD16800413EF1 /* ic_nav_faq.png in Resources */,
				C44CFA351C4CD16800413EF1 /* ic_member_faisal.png in Resources */,
				C44CFA381C4CD16800413EF1 /* ic_member_saurav.png in Resources */,
				C44CFA151C4CD16800413EF1 /* ic_fab_product.png in Resources */,
				C44CFA251C4CD16800413EF1 /* ic_heart_small_blue.png in Resources */,
				C44CFA3B1C4CD16800413EF1 /* ic_member_sumon.png in Resources */,
				C44CFA461C4CD16800413EF1 /* ic_social_youtube.png in Resources */,
				C44CFA3F1C4CD16800413EF1 /* ic_member_tushar.png in Resources */,
				C44CFA301C4CD16800413EF1 /* ic_testimonial_quote_start.png in Resources */,
				C44CFA481C4CD16800413EF1 /* img_home_3.jpg in Resources */,
				C44CFA541C4CD16800413EF1 /* ic_nav_team.png in Resources */,
				C44CFA431C4CD16800413EF1 /* img_overview_parallax.jpg in Resources */,
				C44CFA211C4CD16800413EF1 /* img_portfolio_2.jpg in Resources */,
				C44CFA401C4CD16800413EF1 /* ic_overview_skill.png in Resources */,
				C44CFA161C4CD16800413EF1 /* ic_fab_star.png in Resources */,
				C44CFA551C4CD16800413EF1 /* ic_nav_testimonial.png in Resources */,
				C44CFA3E1C4CD16800413EF1 /* ic_member_tuhin.png in Resources */,
				C44CFA0A1C4CD16800413EF1 /* ic_overview_infrastructure.png in Resources */,
				C44CFA2C1C4CD16800413EF1 /* img_portfolio_9.jpg in Resources */,
				C44CFA0C1C4CD16800413EF1 /* ic_social_chat.png in Resources */,
				C44CFA4D1C4CD16800413EF1 /* ic_nav_client.png in Resources */,
				C44CFA061C4CD16800413EF1 /* img_home_1.jpg in Resources */,
				C44CFA0B1C4CD16800413EF1 /* ic_overview_location.png in Resources */,
				C44CFA2B1C4CD16800413EF1 /* img_portfolio_8.jpg in Resources */,
				C44CF9A31C4CCEAC00413EF1 /* Main.storyboard in Resources */,
				C44CFA2E1C4CD16800413EF1 /* ic_methodology_2.png in Resources */,
				C44CFA2D1C4CD16800413EF1 /* ic_testimonial_web.png in Resources */,
				C44CFA501C4CD16800413EF1 /* ic_nav_methodology.png in Resources */,
				C44CFA0E1C4CD16800413EF1 /* ic_methodology_1.png in Resources */,
				C44CFA331C4CD16800413EF1 /* ic_methodology_5.png in Resources */,
				C44CFA1F1C4CD16800413EF1 /* img_client_7.png in Resources */,
				C44CFA2A1C4CD16800413EF1 /* img_portfolio_7.jpg in Resources */,
				C44CFA231C4CD16800413EF1 /* ic_heart_outline_white.png in Resources */,
				C44CFA101C4CD16800413EF1 /* ic_fab_all.png in Resources */,
				C44CFA261C4CD16800413EF1 /* img_portfolio_3.jpg in Resources */,
				C44CFA111C4CD16800413EF1 /* ic_fab_android.png in Resources */,
				C44CFA1D1C4CD16800413EF1 /* img_client_5.jpg in Resources */,
				C44CFA141C4CD16800413EF1 /* ic_nav_home.png in Resources */,
				C44CFA241C4CD16800413EF1 /* ic_heart_red.png in Resources */,
				C44CFA2F1C4CD16800413EF1 /* ic_testimonial_quote_end.png in Resources */,
				C44CFA121C4CD16800413EF1 /* ic_fab_filter.png in Resources */,
				C44CFA4A1C4CD16800413EF1 /* ic_navigation.png in Resources */,
				C44CFA4C1C4CD16800413EF1 /* ic_nav_call.png in Resources */,
				C44CFA071C4CD16800413EF1 /* img_home_2.jpg in Resources */,
				C44CFA411C4CD16800413EF1 /* ic_social_linked_in.png in Resources */,
				C44CFA451C4CD16800413EF1 /* ic_overview_company.png in Resources */,
				C44CFA081C4CD16800413EF1 /* back_icon.png in Resources */,
				C44CFA1B1C4CD16800413EF1 /* img_client_3.jpg in Resources */,
				C44CFA531C4CD16800413EF1 /* ic_nav_social.png in Resources */,
				C44CFA281C4CD16800413EF1 /* img_portfolio_5.jpg in Resources */,
				C44CFA581C4CD16800413EF1 /* img_nav_header.jpg in Resources */,
				C44CFA441C4CD16800413EF1 /* ic_social_twitter.png in Resources */,
				C44CFA1E1C4CD16800413EF1 /* img_client_6.jpg in Resources */,
				C44CFA4F1C4CD16800413EF1 /* ic_nav_mail.png in Resources */,
			);
			runOnlyForDeploymentPostprocessing = 0;
		};
/* End PBXResourcesBuildPhase section */

/* Begin PBXSourcesBuildPhase section */
		C44CF9961C4CCEAC00413EF1 /* Sources */ = {
			isa = PBXSourcesBuildPhase;
			buildActionMask = 2147483647;
			files = (
				C44CFA661C4CDF2400413EF1 /* OverViewController.swift in Sources */,
				C4F7E88B1C4DF25700CA82CB /* MethodologyCell.swift in Sources */,
				C4F7E8831C4DF1F000CA82CB /* DrawerFooterCell.swift in Sources */,
				C44CFA6C1C4CDF9D00413EF1 /* TeamViewController.swift in Sources */,
				C44CFA5C1C4CD18800413EF1 /* TagButton.swift in Sources */,
				C4F7E88D1C4DF26300CA82CB /* CollectionViewCell.swift in Sources */,
				C4F7E8911C4DF28600CA82CB /* PortfolioCell.swift in Sources */,
				C4F7E87F1C4DEE6500CA82CB /* UIViewController+MMDrawerController.m in Sources */,
				C44CF9A01C4CCEAC00413EF1 /* HomeViewController.swift in Sources */,
				C44CFA681C4CDF3900413EF1 /* MapViewController.swift in Sources */,
				C44CFA701C4CDFD100413EF1 /* PortfolioViewController.swift in Sources */,
				C44CFA5E1C4CD18800413EF1 /* GradientView.swift in Sources */,
				C44CFA621C4CDEFA00413EF1 /* ShowcaseViewController.swift in Sources */,
				C4F7E8811C4DF1EB00CA82CB /* DrawerHeaderCell.swift in Sources */,
				C4F7E8851C4DF1FE00CA82CB /* DrawerCell.swift in Sources */,
				C4F7E8871C4DF21000CA82CB /* OverviewCell.swift in Sources */,
				C4F7E87C1C4DEE6500CA82CB /* MMDrawerBarButtonItem.m in Sources */,
				C44CFA721C4CDFDE00413EF1 /* ClientViewController.swift in Sources */,
				C44CFA741C4CDFEE00413EF1 /* FAQViewController.swift in Sources */,
				C44CFA5D1C4CD18800413EF1 /* CardView.swift in Sources */,
				C4F7E8951C4DF2A900CA82CB /* FAQCell.swift in Sources */,
				C44CF99E1C4CCEAC00413EF1 /* AppDelegate.swift in Sources */,
				C4F7E8891C4DF24200CA82CB /* FilterCell.swift in Sources */,
				C4F7E88F1C4DF27700CA82CB /* TestimonialCell.swift in Sources */,
				C44CFA6A1C4CDF8B00413EF1 /* MethodologyViewController.swift in Sources */,
				C44CFA601C4CDE8600413EF1 /* DrawerViewController.swift in Sources */,
				C44CFA641C4CDF1400413EF1 /* SocialViewController.swift in Sources */,
				C4F7E87E1C4DEE6500CA82CB /* MMDrawerVisualState.m in Sources */,
				C4F7E87D1C4DEE6500CA82CB /* MMDrawerController.m in Sources */,
				C44CFA6E1C4CDFB100413EF1 /* TestimonialViewController.swift in Sources */,
				C4F7E8931C4DF29900CA82CB /* ClientCell.swift in Sources */,
			);
			runOnlyForDeploymentPostprocessing = 0;
		};
/* End PBXSourcesBuildPhase section */

/* Begin PBXVariantGroup section */
		C44CF9A11C4CCEAC00413EF1 /* Main.storyboard */ = {
			isa = PBXVariantGroup;
			children = (
				C44CF9A21C4CCEAC00413EF1 /* Base */,
			);
			name = Main.storyboard;
			sourceTree = "<group>";
		};
		C44CF9A61C4CCEAC00413EF1 /* LaunchScreen.storyboard */ = {
			isa = PBXVariantGroup;
			children = (
				C44CF9A71C4CCEAC00413EF1 /* Base */,
			);
			name = LaunchScreen.storyboard;
			sourceTree = "<group>";
		};
/* End PBXVariantGroup section */

/* Begin XCBuildConfiguration section */
		C44CF9AA1C4CCEAC00413EF1 /* Debug */ = {
			isa = XCBuildConfiguration;
			buildSettings = {
				ALWAYS_SEARCH_USER_PATHS = NO;
				CLANG_CXX_LANGUAGE_STANDARD = "gnu++0x";
				CLANG_CXX_LIBRARY = "libc++";
				CLANG_ENABLE_MODULES = YES;
				CLANG_ENABLE_OBJC_ARC = YES;
				CLANG_WARN_BOOL_CONVERSION = YES;
				CLANG_WARN_CONSTANT_CONVERSION = YES;
				CLANG_WARN_DIRECT_OBJC_ISA_USAGE = YES_ERROR;
				CLANG_WARN_EMPTY_BODY = YES;
				CLANG_WARN_ENUM_CONVERSION = YES;
				CLANG_WARN_INT_CONVERSION = YES;
				CLANG_WARN_OBJC_ROOT_CLASS = YES_ERROR;
				CLANG_WARN_UNREACHABLE_CODE = YES;
				CLANG_WARN__DUPLICATE_METHOD_MATCH = YES;
				"CODE_SIGN_IDENTITY[sdk=iphoneos*]" = "iPhone Developer";
				COPY_PHASE_STRIP = NO;
				DEBUG_INFORMATION_FORMAT = dwarf;
				ENABLE_STRICT_OBJC_MSGSEND = YES;
				ENABLE_TESTABILITY = YES;
				GCC_C_LANGUAGE_STANDARD = gnu99;
				GCC_DYNAMIC_NO_PIC = NO;
				GCC_NO_COMMON_BLOCKS = YES;
				GCC_OPTIMIZATION_LEVEL = 0;
				GCC_PREPROCESSOR_DEFINITIONS = (
					"DEBUG=1",
					"$(inherited)",
				);
				GCC_WARN_64_TO_32_BIT_CONVERSION = YES;
				GCC_WARN_ABOUT_RETURN_TYPE = YES_ERROR;
				GCC_WARN_UNDECLARED_SELECTOR = YES;
				GCC_WARN_UNINITIALIZED_AUTOS = YES_AGGRESSIVE;
				GCC_WARN_UNUSED_FUNCTION = YES;
				GCC_WARN_UNUSED_VARIABLE = YES;
				IPHONEOS_DEPLOYMENT_TARGET = 9.2;
				MTL_ENABLE_DEBUG_INFO = YES;
				ONLY_ACTIVE_ARCH = YES;
				SDKROOT = iphoneos;
				SWIFT_OPTIMIZATION_LEVEL = "-Onone";
			};
			name = Debug;
		};
		C44CF9AB1C4CCEAC00413EF1 /* Release */ = {
			isa = XCBuildConfiguration;
			buildSettings = {
				ALWAYS_SEARCH_USER_PATHS = NO;
				CLANG_CXX_LANGUAGE_STANDARD = "gnu++0x";
				CLANG_CXX_LIBRARY = "libc++";
				CLANG_ENABLE_MODULES = YES;
				CLANG_ENABLE_OBJC_ARC = YES;
				CLANG_WARN_BOOL_CONVERSION = YES;
				CLANG_WARN_CONSTANT_CONVERSION = YES;
				CLANG_WARN_DIRECT_OBJC_ISA_USAGE = YES_ERROR;
				CLANG_WARN_EMPTY_BODY = YES;
				CLANG_WARN_ENUM_CONVERSION = YES;
				CLANG_WARN_INT_CONVERSION = YES;
				CLANG_WARN_OBJC_ROOT_CLASS = YES_ERROR;
				CLANG_WARN_UNREACHABLE_CODE = YES;
				CLANG_WARN__DUPLICATE_METHOD_MATCH = YES;
				"CODE_SIGN_IDENTITY[sdk=iphoneos*]" = "iPhone Developer";
				COPY_PHASE_STRIP = NO;
				DEBUG_INFORMATION_FORMAT = "dwarf-with-dsym";
				ENABLE_NS_ASSERTIONS = NO;
				ENABLE_STRICT_OBJC_MSGSEND = YES;
				GCC_C_LANGUAGE_STANDARD = gnu99;
				GCC_NO_COMMON_BLOCKS = YES;
				GCC_WARN_64_TO_32_BIT_CONVERSION = YES;
				GCC_WARN_ABOUT_RETURN_TYPE = YES_ERROR;
				GCC_WARN_UNDECLARED_SELECTOR = YES;
				GCC_WARN_UNINITIALIZED_AUTOS = YES_AGGRESSIVE;
				GCC_WARN_UNUSED_FUNCTION = YES;
				GCC_WARN_UNUSED_VARIABLE = YES;
				IPHONEOS_DEPLOYMENT_TARGET = 9.2;
				MTL_ENABLE_DEBUG_INFO = NO;
				SDKROOT = iphoneos;
				VALIDATE_PRODUCT = YES;
			};
			name = Release;
		};
		C44CF9AD1C4CCEAC00413EF1 /* Debug */ = {
			isa = XCBuildConfiguration;
			buildSettings = {
				ASSETCATALOG_COMPILER_APPICON_NAME = AppIcon;
				CLANG_ENABLE_MODULES = YES;
				INFOPLIST_FILE = "Audacity Company Profile/Info.plist";
				IPHONEOS_DEPLOYMENT_TARGET = 8.4;
				LD_RUNPATH_SEARCH_PATHS = "$(inherited) @executable_path/Frameworks";
				PRODUCT_BUNDLE_IDENTIFIER = "com.audacityit.audacity.Audacity-Company-Profile";
				PRODUCT_NAME = "$(TARGET_NAME)";
				SWIFT_OBJC_BRIDGING_HEADER = "Audacity Company Profile/Audacity Company Profile-Bridging-Header.h";
				SWIFT_OPTIMIZATION_LEVEL = "-Onone";
				TARGETED_DEVICE_FAMILY = "1,2";
			};
			name = Debug;
		};
		C44CF9AE1C4CCEAC00413EF1 /* Release */ = {
			isa = XCBuildConfiguration;
			buildSettings = {
				ASSETCATALOG_COMPILER_APPICON_NAME = AppIcon;
				CLANG_ENABLE_MODULES = YES;
				INFOPLIST_FILE = "Audacity Company Profile/Info.plist";
				IPHONEOS_DEPLOYMENT_TARGET = 8.4;
				LD_RUNPATH_SEARCH_PATHS = "$(inherited) @executable_path/Frameworks";
				PRODUCT_BUNDLE_IDENTIFIER = "com.audacityit.audacity.Audacity-Company-Profile";
				PRODUCT_NAME = "$(TARGET_NAME)";
				SWIFT_OBJC_BRIDGING_HEADER = "Audacity Company Profile/Audacity Company Profile-Bridging-Header.h";
				TARGETED_DEVICE_FAMILY = "1,2";
			};
			name = Release;
		};
/* End XCBuildConfiguration section */

/* Begin XCConfigurationList section */
		C44CF9951C4CCEAC00413EF1 /* Build configuration list for PBXProject "Audacity Company Profile" */ = {
			isa = XCConfigurationList;
			buildConfigurations = (
				C44CF9AA1C4CCEAC00413EF1 /* Debug */,
				C44CF9AB1C4CCEAC00413EF1 /* Release */,
			);
			defaultConfigurationIsVisible = 0;
			defaultConfigurationName = Release;
		};
		C44CF9AC1C4CCEAC00413EF1 /* Build configuration list for PBXNativeTarget "Audacity Company Profile" */ = {
			isa = XCConfigurationList;
			buildConfigurations = (
				C44CF9AD1C4CCEAC00413EF1 /* Debug */,
				C44CF9AE1C4CCEAC00413EF1 /* Release */,
			);
			defaultConfigurationIsVisible = 0;
			defaultConfigurationName = Release;
		};
/* End XCConfigurationList section */
	};
	rootObject = C44CF9921C4CCEAC00413EF1 /* Project object */;
}
